{
  "name": "resource-monitor-daemon",
  "version": "1.0.0",
  "lockfileVersion": 3,
  "requires": true,
  "packages": {
    "": {
      "name": "resource-monitor-daemon",
      "version": "1.0.0",
      "dependencies": {
        "systeminformation": "^5.30.7"
      }
    },
    "node_modules/systeminformation": {
      "version": "5.30.7",
      "resolved": "https://registry.npmjs.org/systeminformation/-/systeminformation-5.30.7.tgz",
      "integrity": "sha512-33B/cftpaWdpvH+Ho9U1b08ss8GQuLxrWHelbJT1yw4M48Taj8W3ezcPuaLoIHZz5V6tVHuQPr5BprEfnBLBMw==",
      "license": "MIT",
      "os": [
        "darwin",
        "linux",
        "win32",
        "freebsd",
        "openbsd",
        "netbsd",
        "sunos",
        "android"
      ],
      "bin": {
        "systeminformation": "lib/cli.js"
      },
      "engines": {
        "node": ">=8.0.0"
      },
      "funding": {
        "type": "Buy me a coffee",
        "url": "https://www.buymeacoffee.com/systeminfo"
      }
    }
  }
}
